{
  "lockfile_version": "1",
  "packages": {
    "docker": {
      "resolved": "github:NixOS/nixpkgs/d233902339c02a9c334e7e593de68855ad26c4cb?narHash=sha256-30sZNZoA1cqF5JNO9fVX%2BwgiQYjB7HJqqJ4ztCDeBZE%3D#docker",
      "source": "nixpkg"
    },
    "git": {
      "resolved": "github:NixOS/nixpkgs/d233902339c02a9c334e7e593de68855ad26c4cb?narHash=sha256-30sZNZoA1cqF5JNO9fVX%2BwgiQYjB7HJqqJ4ztCDeBZE%3D#git",
      "source": "nixpkg"
    },
    "github:AlexsJones/llmfit": {
      "last_modified": "2026-05-20T08:06:35Z",
      "resolved": "github:AlexsJones/llmfit/051bbbc284fb30e80ca48249409f9fddef502556?lastModified=1779264395&narHash=sha256-MBvRJpmlWaabqzNAMBZHyX4KoSF7IfHkZ3MnSSQrqfU%3D"
    },
    "github:NixOS/nixpkgs/nixpkgs-unstable": {
      "last_modified": "2026-06-27T07:37:20Z",
      "resolved": "github:NixOS/nixpkgs/3d46470bb3030020f7e1361f33514854f5bfa86d?lastModified=1782545840"
    },
    "just": {
      "resolved": "github:NixOS/nixpkgs/d233902339c02a9c334e7e593de68855ad26c4cb?narHash=sha256-30sZNZoA1cqF5JNO9fVX%2BwgiQYjB7HJqqJ4ztCDeBZE%3D#just",
      "source": "nixpkg"
    },
    "python3.pkgs.huggingface-hub": {
      "resolved": "github:NixOS/nixpkgs/d233902339c02a9c334e7e593de68855ad26c4cb?narHash=sha256-30sZNZoA1cqF5JNO9fVX%2BwgiQYjB7HJqqJ4ztCDeBZE%3D#python3.pkgs.huggingface-hub",
      "source": "nixpkg"
    },
    "python3.pkgs.ray": {
      "resolved": "github:NixOS/nixpkgs/d233902339c02a9c334e7e593de68855ad26c4cb?narHash=sha256-30sZNZoA1cqF5JNO9fVX%2BwgiQYjB7HJqqJ4ztCDeBZE%3D#python3.pkgs.ray",
      "source": "nixpkg"
    },
    "python315": {
      "plugin_version": "0.0.4",
      "resolved": "github:NixOS/nixpkgs/d233902339c02a9c334e7e593de68855ad26c4cb?narHash=sha256-30sZNZoA1cqF5JNO9fVX%2BwgiQYjB7HJqqJ4ztCDeBZE%3D#python315",
      "source": "nixpkg"
    }
  }
}
